
Microsoft Visual Studio Solution File, Format Version 12.00
# Visual Studio Version 17
VisualStudioVersion = 17.9.34607.119
MinimumVisualStudioVersion = 10.0.40219.1
Project("{FAE04EC0-301F-11D3-BF4B-00C04F79EFBC}") = "Shapes", "Shapes\Shapes.csproj", "{A2EA2DA2-DDF7-4456-B53E-BAA9139295E6}"
EndProject
Project("{FAE04EC0-301F-11D3-BF4B-00C04F79EFBC}") = "Cars", "Cars\Cars.csproj", "{0E6228DB-95BE-49D4-875B-B73BD6BA2B0E}"
EndProject
Global
	GlobalSection(SolutionConfigurationPlatforms) = preSolution
		Debug|Any CPU = Debug|Any CPU
		Release|Any CPU = Release|Any CPU
	EndGlobalSection
	GlobalSection(ProjectConfigurationPlatforms) = postSolution
		{A2EA2DA2-DDF7-4456-B53E-BAA9139295E6}.Debug|Any CPU.ActiveCfg = Debug|Any CPU
		{A2EA2DA2-DDF7-4456-B53E-BAA9139295E6}.Debug|Any CPU.Build.0 = Debug|Any CPU
		{A2EA2DA2-DDF7-4456-B53E-BAA9139295E6}.Release|Any CPU.ActiveCfg = Release|Any CPU
		{A2EA2DA2-DDF7-4456-B53E-BAA9139295E6}.Release|Any CPU.Build.0 = Release|Any CPU
		{0E6228DB-95BE-49D4-875B-B73BD6BA2B0E}.Debug|Any CPU.ActiveCfg = Debug|Any CPU
		{0E6228DB-95BE-49D4-875B-B73BD6BA2B0E}.Debug|Any CPU.Build.0 = Debug|Any CPU
		{0E6228DB-95BE-49D4-875B-B73BD6BA2B0E}.Release|Any CPU.ActiveCfg = Release|Any CPU
		{0E6228DB-95BE-49D4-875B-B73BD6BA2B0E}.Release|Any CPU.Build.0 = Release|Any CPU
	EndGlobalSection
	GlobalSection(SolutionProperties) = preSolution
		HideSolutionNode = FALSE
	EndGlobalSection
	GlobalSection(ExtensibilityGlobals) = postSolution
		SolutionGuid = {932348ED-1B43-4C6A-B004-1C96FB518D8F}
	EndGlobalSection
EndGlobal
